// !$*UTF8*$!
{
	archiveVersion = 1;
	classes = {
	};
	objectVersion = 50;
	objects = {

/* Begin PBXBuildFile section */
		976F689D24E77D7D00277F79 /* AppDelegate.swift in Sources */ = {isa = PBXBuildFile; fileRef = 976F689C24E77D7D00277F79 /* AppDelegate.swift */; };
		976F689F24E77D7D00277F79 /* SceneDelegate.swift in Sources */ = {isa = PBXBuildFile; fileRef = 976F689E24E77D7D00277F79 /* SceneDelegate.swift */; };
		976F68A124E77D7E00277F79 /* ViewController.swift in Sources */ = {isa = PBXBuildFile; fileRef = 976F68A024E77D7E00277F79 /* ViewController.swift */; };
		976F68A624E77D8100277F79 /* Assets.xcassets in Resources */ = {isa = PBXBuildFile; fileRef = 976F68A524E77D8100277F79 /* Assets.xcassets */; };
		976F68A924E77D8100277F79 /* LaunchScreen.storyboard in Resources */ = {isa = PBXBuildFile; fileRef = 976F68A724E77D8100277F79 /* LaunchScreen.storyboard */; };
		976F68B124E77DFA00277F79 /* CommonView.swift in Sources */ = {isa = PBXBuildFile; fileRef = 976F68B024E77DFA00277F79 /* CommonView.swift */; };
		976F68B424E77E4200277F79 /* CardCell.swift in Sources */ = {isa = PBXBuildFile; fileRef = 976F68B324E77E4200277F79 /* CardCell.swift */; };
		976F68B624E77E5E00277F79 /* NavigationController.swift in Sources */ = {isa = PBXBuildFile; fileRef = 976F68B524E77E5E00277F79 /* NavigationController.swift */; };
		976F68B824E77E6C00277F79 /* DetailViewController.swift in Sources */ = {isa = PBXBuildFile; fileRef = 976F68B724E77E6C00277F79 /* DetailViewController.swift */; };
		976F68BB24E782A900277F79 /* ShadowView.swift in Sources */ = {isa = PBXBuildFile; fileRef = 976F68BA24E782A900277F79 /* ShadowView.swift */; };
/* End PBXBuildFile section */

/* Begin PBXFileReference section */
		976F689924E77D7D00277F79 /* AppStoreTransitionProgrammatic.app */ = {isa = PBXFileReference; explicitFileType = wrapper.application; includeInIndex = 0; path = AppStoreTransitionProgrammatic.app; sourceTree = BUILT_PRODUCTS_DIR; };
		976F689C24E77D7D00277F79 /* AppDelegate.swift */ = {isa = PBXFileReference; lastKnownFileType = sourcecode.swift; path = AppDelegate.swift; sourceTree = "<group>"; };
		976F689E24E77D7D00277F79 /* SceneDelegate.swift */ = {isa = PBXFileReference; lastKnownFileType = sourcecode.swift; path = SceneDelegate.swift; sourceTree = "<group>"; };
		976F68A024E77D7E00277F79 /* ViewController.swift */ = {isa = PBXFileReference; lastKnownFileType = sourcecode.swift; path = ViewController.swift; sourceTree = "<group>"; };
		976F68A524E77D8100277F79 /* Assets.xcassets */ = {isa = PBXFileReference; lastKnownFileType = folder.assetcatalog; path = Assets.xcassets; sourceTree = "<group>"; };
		976F68A824E77D8100277F79 /* Base */ = {isa = PBXFileReference; lastKnownFileType = file.storyboard; name = Base; path = Base.lproj/LaunchScreen.storyboard; sourceTree = "<group>"; };
		976F68AA24E77D8100277F79 /* Info.plist */ = {isa = PBXFileReference; lastKnownFileType = text.plist.xml; path = Info.plist; sourceTree = "<group>"; };
		976F68B024E77DFA00277F79 /* CommonView.swift */ = {isa = PBXFileReference; lastKnownFileType = sourcecode.swift; path = CommonView.swift; sourceTree = "<group>"; };
		976F68B324E77E4200277F79 /* CardCell.swift */ = {isa = PBXFileReference; lastKnownFileType = sourcecode.swift; path = CardCell.swift; sourceTree = "<group>"; };
		976F68B524E77E5E00277F79 /* NavigationController.swift */ = {isa = PBXFileReference; lastKnownFileType = sourcecode.swift; path = NavigationController.swift; sourceTree = "<group>"; };
		976F68B724E77E6C00277F79 /* DetailViewController.swift */ = {isa = PBXFileReference; lastKnownFileType = sourcecode.swift; path = DetailViewController.swift; sourceTree = "<group>"; };
		976F68BA24E782A900277F79 /* ShadowView.swift */ = {isa = PBXFileReference; lastKnownFileType = sourcecode.swift; path = ShadowView.swift; sourceTree = "<group>"; };
/* End PBXFileReference section */

/* Begin PBXFrameworksBuildPhase section */
		976F689624E77D7D00277F79 /* Frameworks */ = {
			isa = PBXFrameworksBuildPhase;
			buildActionMask = 2147483647;
			files = (
			);
			runOnlyForDeploymentPostprocessing = 0;
		};
/* End PBXFrameworksBuildPhase section */

/* Begin PBXGroup section */
		976F689024E77D7D00277F79 = {
			isa = PBXGroup;
			children = (
				976F689B24E77D7D00277F79 /* AppStoreTransitionProgrammatic */,
				976F689A24E77D7D00277F79 /* Products */,
			);
			sourceTree = "<group>";
		};
		976F689A24E77D7D00277F79 /* Products */ = {
			isa = PBXGroup;
			children = (
				976F689924E77D7D00277F79 /* AppStoreTransitionProgrammatic.app */,
			);
			name = Products;
			sourceTree = "<group>";
		};
		976F689B24E77D7D00277F79 /* AppStoreTransitionProgrammatic */ = {
			isa = PBXGroup;
			children = (
				976F689C24E77D7D00277F79 /* AppDelegate.swift */,
				976F689E24E77D7D00277F79 /* SceneDelegate.swift */,
				976F68B224E77E2700277F79 /* Views */,
				976F68B924E77E7900277F79 /* Controllers */,
				976F68A524E77D8100277F79 /* Assets.xcassets */,
				976F68A724E77D8100277F79 /* LaunchScreen.storyboard */,
				976F68AA24E77D8100277F79 /* Info.plist */,
			);
			path = AppStoreTransitionProgrammatic;
			sourceTree = "<group>";
		};
		976F68B224E77E2700277F79 /* Views */ = {
			isa = PBXGroup;
			children = (
				976F68B024E77DFA00277F79 /* CommonView.swift */,
				976F68BA24E782A900277F79 /* ShadowView.swift */,
				976F68B324E77E4200277F79 /* CardCell.swift */,
			);
			path = Views;
			sourceTree = "<group>";
		};
		976F68B924E77E7900277F79 /* Controllers */ = {
			isa = PBXGroup;
			children = (
				976F68A024E77D7E00277F79 /* ViewController.swift */,
				976F68B524E77E5E00277F79 /* NavigationController.swift */,
				976F68B724E77E6C00277F79 /* DetailViewController.swift */,
			);
			path = Controllers;
			sourceTree = "<group>";
		};
/* End PBXGroup section */

/* Begin PBXNativeTarget section */
		976F689824E77D7D00277F79 /* AppStoreTransitionProgrammatic */ = {
			isa = PBXNativeTarget;
			buildConfigurationList = 976F68AD24E77D8100277F79 /* Build configuration list for PBXNativeTarget "AppStoreTransitionProgrammatic" */;
			buildPhases = (
				976F689524E77D7D00277F79 /* Sources */,
				976F689624E77D7D00277F79 /* Frameworks */,
				976F689724E77D7D00277F79 /* Resources */,
			);
			buildRules = (
			);
			dependencies = (
			);
			name = AppStoreTransitionProgrammatic;
			productName = AppStoreTransitionProgrammatic;
			productReference = 976F689924E77D7D00277F79 /* AppStoreTransitionProgrammatic.app */;
			productType = "com.apple.product-type.application";
		};
/* End PBXNativeTarget section */

/* Begin PBXProject section */
		976F689124E77D7D00277F79 /* Project object */ = {
			isa = PBXProject;
			attributes = {
				LastSwiftUpdateCheck = 1160;
				LastUpgradeCheck = 1160;
				ORGANIZATIONNAME = Antnee;
				TargetAttributes = {
					976F689824E77D7D00277F79 = {
						CreatedOnToolsVersion = 11.6;
					};
				};
			};
			buildConfigurationList = 976F689424E77D7D00277F79 /* Build configuration list for PBXProject "AppStoreTransitionProgrammatic" */;
			compatibilityVersion = "Xcode 9.3";
			developmentRegion = en;
			hasScannedForEncodings = 0;
			knownRegions = (
				en,
				Base,
			);
			mainGroup = 976F689024E77D7D00277F79;
			productRefGroup = 976F689A24E77D7D00277F79 /* Products */;
			projectDirPath = "";
			projectRoot = "";
			targets = (
				976F689824E77D7D00277F79 /* AppStoreTransitionProgrammatic */,
			);
		};
/* End PBXProject section */

/* Begin PBXResourcesBuildPhase section */
		976F689724E77D7D00277F79 /* Resources */ = {
			isa = PBXResourcesBuildPhase;
			buildActionMask = 2147483647;
			files = (
				976F68A924E77D8100277F79 /* LaunchScreen.storyboard in Resources */,
				976F68A624E77D8100277F79 /* Assets.xcassets in Resources */,
			);
			runOnlyForDeploymentPostprocessing = 0;
		};
/* End PBXResourcesBuildPhase section */

/* Begin PBXSourcesBuildPhase section */
		976F689524E77D7D00277F79 /* Sources */ = {
			isa = PBXSourcesBuildPhase;
			buildActionMask = 2147483647;
			files = (
				976F68B424E77E4200277F79 /* CardCell.swift in Sources */,
				976F68B624E77E5E00277F79 /* NavigationController.swift in Sources */,
				976F68A124E77D7E00277F79 /* ViewController.swift in Sources */,
				976F689D24E77D7D00277F79 /* AppDelegate.swift in Sources */,
				976F68BB24E782A900277F79 /* ShadowView.swift in Sources */,
				976F689F24E77D7D00277F79 /* SceneDelegate.swift in Sources */,
				976F68B124E77DFA00277F79 /* CommonView.swift in Sources */,
				976F68B824E77E6C00277F79 /* DetailViewController.swift in Sources */,
			);
			runOnlyForDeploymentPostprocessing = 0;
		};
/* End PBXSourcesBuildPhase section */

/* Begin PBXVariantGroup section */
		976F68A724E77D8100277F79 /* LaunchScreen.storyboard */ = {
			isa = PBXVariantGroup;
			children = (
				976F68A824E77D8100277F79 /* Base */,
			);
			name = LaunchScreen.storyboard;
			sourceTree = "<group>";
		};
/* End PBXVariantGroup section */

/* Begin XCBuildConfiguration section */
		976F68AB24E77D8100277F79 /* Debug */ = {
			isa = XCBuildConfiguration;
			buildSettings = {
				ALWAYS_SEARCH_USER_PATHS = NO;
				CLANG_ANALYZER_NONNULL = YES;
				CLANG_ANALYZER_NUMBER_OBJECT_CONVERSION = YES_AGGRESSIVE;
				CLANG_CXX_LANGUAGE_STANDARD = "gnu++14";
				CLANG_CXX_LIBRARY = "libc++";
				CLANG_ENABLE_MODULES = YES;
				CLANG_ENABLE_OBJC_ARC = YES;
				CLANG_ENABLE_OBJC_WEAK = YES;
				CLANG_WARN_BLOCK_CAPTURE_AUTORELEASING = YES;
				CLANG_WARN_BOOL_CONVERSION = YES;
				CLANG_WARN_COMMA = YES;
				CLANG_WARN_CONSTANT_CONVERSION = YES;
				CLANG_WARN_DEPRECATED_OBJC_IMPLEMENTATIONS = YES;
				CLANG_WARN_DIRECT_OBJC_ISA_USAGE = YES_ERROR;
				CLANG_WARN_DOCUMENTATION_COMMENTS = YES;
				CLANG_WARN_EMPTY_BODY = YES;
				CLANG_WARN_ENUM_CONVERSION = YES;
				CLANG_WARN_INFINITE_RECURSION = YES;
				CLANG_WARN_INT_CONVERSION = YES;
				CLANG_WARN_NON_LITERAL_NULL_CONVERSION = YES;
				CLANG_WARN_OBJC_IMPLICIT_RETAIN_SELF = YES;
				CLANG_WARN_OBJC_LITERAL_CONVERSION = YES;
				CLANG_WARN_OBJC_ROOT_CLASS = YES_ERROR;
				CLANG_WARN_RANGE_LOOP_ANALYSIS = YES;
				CLANG_WARN_STRICT_PROTOTYPES = YES;
				CLANG_WARN_SUSPICIOUS_MOVE = YES;
				CLANG_WARN_UNGUARDED_AVAILABILITY = YES_AGGRESSIVE;
				CLANG_WARN_UNREACHABLE_CODE = YES;
				CLANG_WARN__DUPLICATE_METHOD_MATCH = YES;
				COPY_PHASE_STRIP = NO;
				DEBUG_INFORMATION_FORMAT = dwarf;
				ENABLE_STRICT_OBJC_MSGSEND = YES;
				ENABLE_TESTABILITY = YES;
				GCC_C_LANGUAGE_STANDARD = gnu11;
				GCC_DYNAMIC_NO_PIC = NO;
				GCC_NO_COMMON_BLOCKS = YES;
				GCC_OPTIMIZATION_LEVEL = 0;
				GCC_PREPROCESSOR_DEFINITIONS = (
					"DEBUG=1",
					"$(inherited)",
				);
				GCC_WARN_64_TO_32_BIT_CONVERSION = YES;
				GCC_WARN_ABOUT_RETURN_TYPE = YES_ERROR;
				GCC_WARN_UNDECLARED_SELECTOR = YES;
				GCC_WARN_UNINITIALIZED_AUTOS = YES_AGGRESSIVE;
				GCC_WARN_UNUSED_FUNCTION = YES;
				GCC_WARN_UNUSED_VARIABLE = YES;
				IPHONEOS_DEPLOYMENT_TARGET = 13.6;
				MTL_ENABLE_DEBUG_INFO = INCLUDE_SOURCE;
				MTL_FAST_MATH = YES;
				ONLY_ACTIVE_ARCH = YES;
				SDKROOT = iphoneos;
				SWIFT_ACTIVE_COMPILATION_CONDITIONS = DEBUG;
				SWIFT_OPTIMIZATION_LEVEL = "-Onone";
			};
			name = Debug;
		};
		976F68AC24E77D8100277F79 /* Release */ = {
			isa = XCBuildConfiguration;
			buildSettings = {
				ALWAYS_SEARCH_USER_PATHS = NO;
				CLANG_ANALYZER_NONNULL = YES;
				CLANG_ANALYZER_NUMBER_OBJECT_CONVERSION = YES_AGGRESSIVE;
				CLANG_CXX_LANGUAGE_STANDARD = "gnu++14";
				CLANG_CXX_LIBRARY = "libc++";
				CLANG_ENABLE_MODULES = YES;
				CLANG_ENABLE_OBJC_ARC = YES;
				CLANG_ENABLE_OBJC_WEAK = YES;
				CLANG_WARN_BLOCK_CAPTURE_AUTORELEASING = YES;
				CLANG_WARN_BOOL_CONVERSION = YES;
				CLANG_WARN_COMMA = YES;
				CLANG_WARN_CONSTANT_CONVERSION = YES;
				CLANG_WARN_DEPRECATED_OBJC_IMPLEMENTATIONS = YES;
				CLANG_WARN_DIRECT_OBJC_ISA_USAGE = YES_ERROR;
				CLANG_WARN_DOCUMENTATION_COMMENTS = YES;
				CLANG_WARN_EMPTY_BODY = YES;
				CLANG_WARN_ENUM_CONVERSION = YES;
				CLANG_WARN_INFINITE_RECURSION = YES;
				CLANG_WARN_INT_CONVERSION = YES;
				CLANG_WARN_NON_LITERAL_NULL_CONVERSION = YES;
				CLANG_WARN_OBJC_IMPLICIT_RETAIN_SELF = YES;
				CLANG_WARN_OBJC_LITERAL_CONVERSION = YES;
				CLANG_WARN_OBJC_ROOT_CLASS = YES_ERROR;
				CLANG_WARN_RANGE_LOOP_ANALYSIS = YES;
				CLANG_WARN_STRICT_PROTOTYPES = YES;
				CLANG_WARN_SUSPICIOUS_MOVE = YES;
				CLANG_WARN_UNGUARDED_AVAILABILITY = YES_AGGRESSIVE;
				CLANG_WARN_UNREACHABLE_CODE = YES;
				CLANG_WARN__DUPLICATE_METHOD_MATCH = YES;
				COPY_PHASE_STRIP = NO;
				DEBUG_INFORMATION_FORMAT = "dwarf-with-dsym";
				ENABLE_NS_ASSERTIONS = NO;
				ENABLE_STRICT_OBJC_MSGSEND = YES;
				GCC_C_LANGUAGE_STANDARD = gnu11;
				GCC_NO_COMMON_BLOCKS = YES;
				GCC_WARN_64_TO_32_BIT_CONVERSION = YES;
				GCC_WARN_ABOUT_RETURN_TYPE = YES_ERROR;
				GCC_WARN_UNDECLARED_SELECTOR = YES;
				GCC_WARN_UNINITIALIZED_AUTOS = YES_AGGRESSIVE;
				GCC_WARN_UNUSED_FUNCTION = YES;
				GCC_WARN_UNUSED_VARIABLE = YES;
				IPHONEOS_DEPLOYMENT_TARGET = 13.6;
				MTL_ENABLE_DEBUG_INFO = NO;
				MTL_FAST_MATH = YES;
				SDKROOT = iphoneos;
				SWIFT_COMPILATION_MODE = wholemodule;
				SWIFT_OPTIMIZATION_LEVEL = "-O";
				VALIDATE_PRODUCT = YES;
			};
			name = Release;
		};
		976F68AE24E77D8100277F79 /* Debug */ = {
			isa = XCBuildConfiguration;
			buildSettings = {
				ASSETCATALOG_COMPILER_APPICON_NAME = AppIcon;
				CODE_SIGN_STYLE = Automatic;
				DEVELOPMENT_TEAM = 5CMXYD37HJ;
				INFOPLIST_FILE = AppStoreTransitionProgrammatic/Info.plist;
				LD_RUNPATH_SEARCH_PATHS = (
					"$(inherited)",
					"@executable_path/Frameworks",
				);
				PRODUCT_BUNDLE_IDENTIFIER = Antnee.AppStoreTransitionProgrammatic;
				PRODUCT_NAME = "$(TARGET_NAME)";
				SWIFT_VERSION = 5.0;
				TARGETED_DEVICE_FAMILY = "1,2";
			};
			name = Debug;
		};
		976F68AF24E77D8100277F79 /* Release */ = {
			isa = XCBuildConfiguration;
			buildSettings = {
				ASSETCATALOG_COMPILER_APPICON_NAME = AppIcon;
				CODE_SIGN_STYLE = Automatic;
				DEVELOPMENT_TEAM = 5CMXYD37HJ;
				INFOPLIST_FILE = AppStoreTransitionProgrammatic/Info.plist;
				LD_RUNPATH_SEARCH_PATHS = (
					"$(inherited)",
					"@executable_path/Frameworks",
				);
				PRODUCT_BUNDLE_IDENTIFIER = Antnee.AppStoreTransitionProgrammatic;
				PRODUCT_NAME = "$(TARGET_NAME)";
				SWIFT_VERSION = 5.0;
				TARGETED_DEVICE_FAMILY = "1,2";
			};
			name = Release;
		};
/* End XCBuildConfiguration section */

/* Begin XCConfigurationList section */
		976F689424E77D7D00277F79 /* Build configuration list for PBXProject "AppStoreTransitionProgrammatic" */ = {
			isa = XCConfigurationList;
			buildConfigurations = (
				976F68AB24E77D8100277F79 /* Debug */,
				976F68AC24E77D8100277F79 /* Release */,
			);
			defaultConfigurationIsVisible = 0;
			defaultConfigurationName = Release;
		};
		976F68AD24E77D8100277F79 /* Build configuration list for PBXNativeTarget "AppStoreTransitionProgrammatic" */ = {
			isa = XCConfigurationList;
			buildConfigurations = (
				976F68AE24E77D8100277F79 /* Debug */,
				976F68AF24E77D8100277F79 /* Release */,
			);
			defaultConfigurationIsVisible = 0;
			defaultConfigurationName = Release;
		};
/* End XCConfigurationList section */
	};
	rootObject = 976F689124E77D7D00277F79 /* Project object */;
}
